
Microsoft Visual Studio Solution File, Format Version 12.00
# Visual Studio Version 17
VisualStudioVersion = 17.8.34322.80
MinimumVisualStudioVersion = 10.0.40219.1
Project("{FAE04EC0-301F-11D3-BF4B-00C04F79EFBC}") = "TesteIP", "TesteIP.csproj", "{300CD0D3-8D65-44DC-A14A-2C82D5745E5D}"
EndProject
Global
	GlobalSection(SolutionConfigurationPlatforms) = preSolution
		Debug|Any CPU = Debug|Any CPU
		Release|Any CPU = Release|Any CPU
	EndGlobalSection
	GlobalSection(ProjectConfigurationPlatforms) = postSolution
		{300CD0D3-8D65-44DC-A14A-2C82D5745E5D}.Debug|Any CPU.ActiveCfg = Debug|Any CPU
		{300CD0D3-8D65-44DC-A14A-2C82D5745E5D}.Debug|Any CPU.Build.0 = Debug|Any CPU
		{300CD0D3-8D65-44DC-A14A-2C82D5745E5D}.Release|Any CPU.ActiveCfg = Release|Any CPU
		{300CD0D3-8D65-44DC-A14A-2C82D5745E5D}.Release|Any CPU.Build.0 = Release|Any CPU
	EndGlobalSection
	GlobalSection(SolutionProperties) = preSolution
		HideSolutionNode = FALSE
	EndGlobalSection
	GlobalSection(ExtensibilityGlobals) = postSolution
		SolutionGuid = {16DC0132-1485-4844-8693-A15EC47A89C0}
	EndGlobalSection
EndGlobal
